{
  "nodes": {
    "djtobis": {
      "inputs": {
        "jmusicbot": "jmusicbot",
        "nixpkgs": "nixpkgs"
      },
      "locked": {
        "lastModified": 1667593279,
        "narHash": "sha256-dC7brdBF4SerY7JrD/7PUeCeyZqxbYOsscxcwNzh3GA=",
        "ref": "refs/heads/main",
        "rev": "3cb3474a11274ed3578a8fb0e6cd641beac7a548",
        "revCount": 5,
        "type": "git",
        "url": "file:///home/eduardo/dev/flakes/djtobis"
      },
      "original": {
        "type": "git",
        "url": "file:///home/eduardo/dev/flakes/djtobis"
      }
    },
    "home": {
      "inputs": {
        "nixpkgs": [
          "nixpkgs"
        ],
        "utils": "utils"
      },
      "locked": {
        "lastModified": 1667574732,
        "narHash": "sha256-73TVk3uSQOja6Q/5OuNcpcqwo6+SMzJPRtYAjU0rBx4=",
        "owner": "nix-community",
        "repo": "home-manager",
        "rev": "b764068a506c6f70dba998efa0e7fcb99cb4deb2",
        "type": "github"
      },
      "original": {
        "owner": "nix-community",
        "repo": "home-manager",
        "type": "github"
      }
    },
    "import-cargo": {
      "locked": {
        "lastModified": 1594305518,
        "narHash": "sha256-frtArgN42rSaEcEOYWg8sVPMUK+Zgch3c+wejcpX3DY=",
        "owner": "edolstra",
        "repo": "import-cargo",
        "rev": "25d40be4a73d40a2572e0cc233b83253554f06c5",
        "type": "github"
      },
      "original": {
        "owner": "edolstra",
        "repo": "import-cargo",
        "type": "github"
      }
    },
    "jmusicbot": {
      "flake": false,
      "locked": {
        "narHash": "sha256-k8gM0a+Ah8+73j6ZScJtWA6jtPx8yAQ2O2jBa5xlpA8=",
        "type": "file",
        "url": "https://github.com/jagrosh/MusicBot/releases/download/0.3.8/JMusicBot-0.3.8.jar"
      },
      "original": {
        "type": "file",
        "url": "https://github.com/jagrosh/MusicBot/releases/download/0.3.8/JMusicBot-0.3.8.jar"
      }
    },
    "nixpkgs": {
      "locked": {
        "lastModified": 1666535304,
        "narHash": "sha256-tIBT79ZYzIC5CeUvOsUdflOYaOA+py9FooEXsBOTAwg=",
        "owner": "NixOS",
        "repo": "nixpkgs",
        "rev": "e60beee3ac707c6fe6ddc17cdbe0253ae6edc6dd",
        "type": "github"
      },
      "original": {
        "owner": "NixOS",
        "repo": "nixpkgs",
        "type": "github"
      }
    },
    "nixpkgs_2": {
      "locked": {
        "lastModified": 1667482890,
        "narHash": "sha256-pua0jp87iwN7NBY5/ypx0s9L9CG49Ju/NI4wGwurHc4=",
        "owner": "nixos",
        "repo": "nixpkgs",
        "rev": "a2a777538d971c6b01c6e54af89ddd6567c055e8",
        "type": "github"
      },
      "original": {
        "owner": "nixos",
        "ref": "nixos-unstable",
        "repo": "nixpkgs",
        "type": "github"
      }
    },
    "nixpkgs_3": {
      "locked": {
        "lastModified": 1666531917,
        "narHash": "sha256-33Rkbab79UavCbsK0rOv1JhpbZ9v2i5M5ng25bg9tts=",
        "owner": "NixOS",
        "repo": "nixpkgs",
        "rev": "da8838990f72af07bde7509f788d8c6c2a962ed0",
        "type": "github"
      },
      "original": {
        "owner": "NixOS",
        "repo": "nixpkgs",
        "type": "github"
      }
    },
    "pombobot": {
      "inputs": {
        "import-cargo": "import-cargo",
        "nixpkgs": "nixpkgs_3"
      },
      "locked": {
        "lastModified": 1667603770,
        "narHash": "sha256-oSxZ2tGV8j4JDDC8CXURbFJ7kYbhqRwqgGRoEhwBArE=",
        "ref": "refs/heads/main",
        "rev": "be3fbdc63e39ef2e4943f322ed7f289dea1922a6",
        "revCount": 34,
        "type": "git",
        "url": "file:///home/eduardo/dev/pombo_bot"
      },
      "original": {
        "type": "git",
        "url": "file:///home/eduardo/dev/pombo_bot"
      }
    },
    "root": {
      "inputs": {
        "djtobis": "djtobis",
        "home": "home",
        "nixpkgs": "nixpkgs_2",
        "pombobot": "pombobot"
      }
    },
    "utils": {
      "locked": {
        "lastModified": 1667077288,
        "narHash": "sha256-bdC8sFNDpT0HK74u9fUkpbf1MEzVYJ+ka7NXCdgBoaA=",
        "owner": "numtide",
        "repo": "flake-utils",
        "rev": "6ee9ebb6b1ee695d2cacc4faa053a7b9baa76817",
        "type": "github"
      },
      "original": {
        "owner": "numtide",
        "repo": "flake-utils",
        "type": "github"
      }
    }
  },
  "root": "root",
  "version": 7
}
