{
  "nodes": {
    "djtobis": {
      "inputs": {
        "jmusicbot": "jmusicbot",
        "nixpkgs": [
          "nixpkgs"
        ]
      },
      "locked": {
        "lastModified": 1667593279,
        "narHash": "sha256-dC7brdBF4SerY7JrD/7PUeCeyZqxbYOsscxcwNzh3GA=",
        "ref": "refs/heads/main",
        "rev": "3cb3474a11274ed3578a8fb0e6cd641beac7a548",
        "revCount": 5,
        "type": "git",
        "url": "file:///home/eduardo/dev/flakes/djtobis"
      },
      "original": {
        "type": "git",
        "url": "file:///home/eduardo/dev/flakes/djtobis"
      }
    },
    "dms": {
      "inputs": {
        "nixpkgs": "nixpkgs"
      },
      "locked": {
        "lastModified": 1667742054,
        "narHash": "sha256-GnDvdbGpKIYqWTNcNeuJ2Dw+XwBUMeLh+VzrXKn/2Hw=",
        "ref": "refs/heads/main",
        "rev": "6b297185e655d2b1cb1667fbf5f0e581d47192ba",
        "revCount": 12,
        "type": "git",
        "url": "file:///home/eduardo/dev/flakes/dms"
      },
      "original": {
        "type": "git",
        "url": "file:///home/eduardo/dev/flakes/dms"
      }
    },
    "home": {
      "inputs": {
        "nixpkgs": [
          "nixpkgs"
        ],
        "utils": "utils"
      },
      "locked": {
        "lastModified": 1667708081,
        "narHash": "sha256-FChEy05x4ed/pttjfTeKxjPCnHknMYrUtDyBiYbreT4=",
        "owner": "nix-community",
        "repo": "home-manager",
        "rev": "1ef0da321217c6c19b7a30509631c080a19321e5",
        "type": "github"
      },
      "original": {
        "owner": "nix-community",
        "repo": "home-manager",
        "type": "github"
      }
    },
    "import-cargo": {
      "locked": {
        "lastModified": 1594305518,
        "narHash": "sha256-frtArgN42rSaEcEOYWg8sVPMUK+Zgch3c+wejcpX3DY=",
        "owner": "edolstra",
        "repo": "import-cargo",
        "rev": "25d40be4a73d40a2572e0cc233b83253554f06c5",
        "type": "github"
      },
      "original": {
        "owner": "edolstra",
        "repo": "import-cargo",
        "type": "github"
      }
    },
    "jmusicbot": {
      "flake": false,
      "locked": {
        "narHash": "sha256-k8gM0a+Ah8+73j6ZScJtWA6jtPx8yAQ2O2jBa5xlpA8=",
        "type": "file",
        "url": "https://github.com/jagrosh/MusicBot/releases/download/0.3.8/JMusicBot-0.3.8.jar"
      },
      "original": {
        "type": "file",
        "url": "https://github.com/jagrosh/MusicBot/releases/download/0.3.8/JMusicBot-0.3.8.jar"
      }
    },
    "nixpkgs": {
      "locked": {
        "lastModified": 1667653703,
        "narHash": "sha256-Xow4vx52/g5zkhlgZnMEm/TEXsj+13jTPCc2jIhW1xU=",
        "owner": "NixOS",
        "repo": "nixpkgs",
        "rev": "f09ad462c5a121d0239fde645aacb2221553a217",
        "type": "github"
      },
      "original": {
        "owner": "NixOS",
        "ref": "nixos-22.05",
        "repo": "nixpkgs",
        "type": "github"
      }
    },
    "nixpkgs_2": {
      "locked": {
        "lastModified": 1667629849,
        "narHash": "sha256-P+v+nDOFWicM4wziFK9S/ajF2lc0N2Rg9p6Y35uMoZI=",
        "owner": "nixos",
        "repo": "nixpkgs",
        "rev": "3bacde6273b09a21a8ccfba15586fb165078fb62",
        "type": "github"
      },
      "original": {
        "owner": "nixos",
        "ref": "nixos-unstable",
        "repo": "nixpkgs",
        "type": "github"
      }
    },
    "pombobot": {
      "inputs": {
        "import-cargo": "import-cargo",
        "nixpkgs": [
          "nixpkgs"
        ]
      },
      "locked": {
        "lastModified": 1667603770,
        "narHash": "sha256-oSxZ2tGV8j4JDDC8CXURbFJ7kYbhqRwqgGRoEhwBArE=",
        "ref": "refs/heads/main",
        "rev": "be3fbdc63e39ef2e4943f322ed7f289dea1922a6",
        "revCount": 34,
        "type": "git",
        "url": "file:///home/eduardo/dev/pombo_bot"
      },
      "original": {
        "type": "git",
        "url": "file:///home/eduardo/dev/pombo_bot"
      }
    },
    "root": {
      "inputs": {
        "djtobis": "djtobis",
        "dms": "dms",
        "home": "home",
        "nixpkgs": "nixpkgs_2",
        "pombobot": "pombobot"
      }
    },
    "utils": {
      "locked": {
        "lastModified": 1667395993,
        "narHash": "sha256-nuEHfE/LcWyuSWnS8t12N1wc105Qtau+/OdUAjtQ0rA=",
        "owner": "numtide",
        "repo": "flake-utils",
        "rev": "5aed5285a952e0b949eb3ba02c12fa4fcfef535f",
        "type": "github"
      },
      "original": {
        "owner": "numtide",
        "repo": "flake-utils",
        "type": "github"
      }
    }
  },
  "root": "root",
  "version": 7
}
